
Microsoft Visual Studio Solution File, Format Version 12.00
# Visual Studio 15
VisualStudioVersion = 15.0.28307.106
MinimumVisualStudioVersion = 10.0.40219.1
Project("{FAE04EC0-301F-11D3-BF4B-00C04F79EFBC}") = "NorthwindTradersCli.Domain", "NorthwindTradersCli.Domain\NorthwindTradersCli.Domain.csproj", "{8D14BB49-6605-4184-B4C7-94907EBD5255}"
EndProject
Project("{FAE04EC0-301F-11D3-BF4B-00C04F79EFBC}") = "NorthwindTradersCli.Application", "NorthwindTradersCli.Application\NorthwindTradersCli.Application.csproj", "{88D89083-D1AE-48AC-9E6E-53C98DFE211C}"
EndProject
Project("{FAE04EC0-301F-11D3-BF4B-00C04F79EFBC}") = "NorthwindTradersCli.Adapters.Driven.ApiClient", "NorthwindTradersCli.Adapters.Driven.ApiClient\NorthwindTradersCli.Adapters.Driven.ApiClient.csproj", "{09DD3942-3233-4BDD-BCAD-29B73810992F}"
EndProject
Project("{FAE04EC0-301F-11D3-BF4B-00C04F79EFBC}") = "NorthwindTradersCli.Adapters.Driving.CommandLine", "NorthwindTradersCli.Adapters.Driving.CommandLine\NorthwindTradersCli.Adapters.Driving.CommandLine.csproj", "{AD83A6F0-893F-4AD7-8463-B289572306F8}"
EndProject
Global
	GlobalSection(SolutionConfigurationPlatforms) = preSolution
		Debug|Any CPU = Debug|Any CPU
		Release|Any CPU = Release|Any CPU
	EndGlobalSection
	GlobalSection(ProjectConfigurationPlatforms) = postSolution
		{8D14BB49-6605-4184-B4C7-94907EBD5255}.Debug|Any CPU.ActiveCfg = Debug|Any CPU
		{8D14BB49-6605-4184-B4C7-94907EBD5255}.Debug|Any CPU.Build.0 = Debug|Any CPU
		{8D14BB49-6605-4184-B4C7-94907EBD5255}.Release|Any CPU.ActiveCfg = Release|Any CPU
		{8D14BB49-6605-4184-B4C7-94907EBD5255}.Release|Any CPU.Build.0 = Release|Any CPU
		{88D89083-D1AE-48AC-9E6E-53C98DFE211C}.Debug|Any CPU.ActiveCfg = Debug|Any CPU
		{88D89083-D1AE-48AC-9E6E-53C98DFE211C}.Debug|Any CPU.Build.0 = Debug|Any CPU
		{88D89083-D1AE-48AC-9E6E-53C98DFE211C}.Release|Any CPU.ActiveCfg = Release|Any CPU
		{88D89083-D1AE-48AC-9E6E-53C98DFE211C}.Release|Any CPU.Build.0 = Release|Any CPU
		{09DD3942-3233-4BDD-BCAD-29B73810992F}.Debug|Any CPU.ActiveCfg = Debug|Any CPU
		{09DD3942-3233-4BDD-BCAD-29B73810992F}.Debug|Any CPU.Build.0 = Debug|Any CPU
		{09DD3942-3233-4BDD-BCAD-29B73810992F}.Release|Any CPU.ActiveCfg = Release|Any CPU
		{09DD3942-3233-4BDD-BCAD-29B73810992F}.Release|Any CPU.Build.0 = Release|Any CPU
		{AD83A6F0-893F-4AD7-8463-B289572306F8}.Debug|Any CPU.ActiveCfg = Debug|Any CPU
		{AD83A6F0-893F-4AD7-8463-B289572306F8}.Debug|Any CPU.Build.0 = Debug|Any CPU
		{AD83A6F0-893F-4AD7-8463-B289572306F8}.Release|Any CPU.ActiveCfg = Release|Any CPU
		{AD83A6F0-893F-4AD7-8463-B289572306F8}.Release|Any CPU.Build.0 = Release|Any CPU
	EndGlobalSection
	GlobalSection(SolutionProperties) = preSolution
		HideSolutionNode = FALSE
	EndGlobalSection
	GlobalSection(ExtensibilityGlobals) = postSolution
		SolutionGuid = {257FBD5D-4B20-4D64-90D7-861036C1D60C}
	EndGlobalSection
EndGlobal
